// !$*UTF8*$!
{
	archiveVersion = 1;
	classes = {
	};
	objectVersion = 51;
	objects = {

/* Begin PBXBuildFile section */
		A77E6B45254A85940081ACBF /* AppDelegate.swift in Sources */ = {isa = PBXBuildFile; fileRef = A77E6B44254A85940081ACBF /* AppDelegate.swift */; };
		A77E6B47254A85940081ACBF /* SceneDelegate.swift in Sources */ = {isa = PBXBuildFile; fileRef = A77E6B46254A85940081ACBF /* SceneDelegate.swift */; };
		A77E6B49254A85940081ACBF /* HomeViewController.swift in Sources */ = {isa = PBXBuildFile; fileRef = A77E6B48254A85940081ACBF /* HomeViewController.swift */; };
		A77E6B4C254A85940081ACBF /* Main.storyboard in Resources */ = {isa = PBXBuildFile; fileRef = A77E6B4A254A85940081ACBF /* Main.storyboard */; };
		A77E6B4E254A85960081ACBF /* Assets.xcassets in Resources */ = {isa = PBXBuildFile; fileRef = A77E6B4D254A85960081ACBF /* Assets.xcassets */; };
		A77E6B51254A85960081ACBF /* LaunchScreen.storyboard in Resources */ = {isa = PBXBuildFile; fileRef = A77E6B4F254A85960081ACBF /* LaunchScreen.storyboard */; };
		A77E6B5C254A85970081ACBF /* InstagramTests.swift in Sources */ = {isa = PBXBuildFile; fileRef = A77E6B5B254A85970081ACBF /* InstagramTests.swift */; };
		A77E6B67254A85970081ACBF /* InstagramUITests.swift in Sources */ = {isa = PBXBuildFile; fileRef = A77E6B66254A85970081ACBF /* InstagramUITests.swift */; };
		A77E6B83254AB18F0081ACBF /* ExploreViewController.swift in Sources */ = {isa = PBXBuildFile; fileRef = A77E6B82254AB18F0081ACBF /* ExploreViewController.swift */; };
		A77E6B88254AB1B50081ACBF /* CameraViewController.swift in Sources */ = {isa = PBXBuildFile; fileRef = A77E6B87254AB1B50081ACBF /* CameraViewController.swift */; };
		A77E6B8D254AB1C40081ACBF /* NotificationViewController.swift in Sources */ = {isa = PBXBuildFile; fileRef = A77E6B8C254AB1C40081ACBF /* NotificationViewController.swift */; };
		A77E6B92254AB1D30081ACBF /* ProfileViewController.swift in Sources */ = {isa = PBXBuildFile; fileRef = A77E6B91254AB1D30081ACBF /* ProfileViewController.swift */; };
		A77E6B9E254AB27B0081ACBF /* LoginViewController.swift in Sources */ = {isa = PBXBuildFile; fileRef = A77E6B9D254AB27A0081ACBF /* LoginViewController.swift */; };
		A77E6BA7254AB29B0081ACBF /* RegistirationViewController.swift in Sources */ = {isa = PBXBuildFile; fileRef = A77E6BA6254AB29B0081ACBF /* RegistirationViewController.swift */; };
		A77E6BAC254AB2BF0081ACBF /* PostViewController.swift in Sources */ = {isa = PBXBuildFile; fileRef = A77E6BAB254AB2BF0081ACBF /* PostViewController.swift */; };
		A77E6BB1254AB2DB0081ACBF /* EditProfileViewController.swift in Sources */ = {isa = PBXBuildFile; fileRef = A77E6BB0254AB2DB0081ACBF /* EditProfileViewController.swift */; };
		A77E6BB6254AB2E80081ACBF /* SettingsViewController.swift in Sources */ = {isa = PBXBuildFile; fileRef = A77E6BB5254AB2E80081ACBF /* SettingsViewController.swift */; };
		A77E6BBB254AB2FA0081ACBF /* ListViewController.swift in Sources */ = {isa = PBXBuildFile; fileRef = A77E6BBA254AB2FA0081ACBF /* ListViewController.swift */; };
		A77E6BC0254AB3080081ACBF /* SearchViewController.swift in Sources */ = {isa = PBXBuildFile; fileRef = A77E6BBF254AB3080081ACBF /* SearchViewController.swift */; };
		A77E6BC5254AB3190081ACBF /* SearchResultViewController.swift in Sources */ = {isa = PBXBuildFile; fileRef = A77E6BC4254AB3190081ACBF /* SearchResultViewController.swift */; };
		A77E6BCA254AB33A0081ACBF /* PostEditorViewController.swift in Sources */ = {isa = PBXBuildFile; fileRef = A77E6BC9254AB33A0081ACBF /* PostEditorViewController.swift */; };
		A77E6BCF254AB34B0081ACBF /* PublishPostViewController.swift in Sources */ = {isa = PBXBuildFile; fileRef = A77E6BCE254AB34B0081ACBF /* PublishPostViewController.swift */; };
		A7FC0AD4254C57830018DDFE /* GoogleService-Info.plist in Resources */ = {isa = PBXBuildFile; fileRef = A7FC0AD3254C57830018DDFE /* GoogleService-Info.plist */; };
		A7FC0AD5254C57830018DDFE /* GoogleService-Info.plist in Resources */ = {isa = PBXBuildFile; fileRef = A7FC0AD3254C57830018DDFE /* GoogleService-Info.plist */; };
		A7FC0AD6254C57830018DDFE /* GoogleService-Info.plist in Resources */ = {isa = PBXBuildFile; fileRef = A7FC0AD3254C57830018DDFE /* GoogleService-Info.plist */; };
		A7FC0AE3254C5B100018DDFE /* DatabaseManager.swift in Sources */ = {isa = PBXBuildFile; fileRef = A7FC0AE2254C5B100018DDFE /* DatabaseManager.swift */; };
		A7FC0AE4254C5B100018DDFE /* DatabaseManager.swift in Sources */ = {isa = PBXBuildFile; fileRef = A7FC0AE2254C5B100018DDFE /* DatabaseManager.swift */; };
		A7FC0AE5254C5B100018DDFE /* DatabaseManager.swift in Sources */ = {isa = PBXBuildFile; fileRef = A7FC0AE2254C5B100018DDFE /* DatabaseManager.swift */; };
		A7FC0AEA254C5C0A0018DDFE /* AuthManager.swift in Sources */ = {isa = PBXBuildFile; fileRef = A7FC0AE9254C5C0A0018DDFE /* AuthManager.swift */; };
		A7FC0AEB254C5C0A0018DDFE /* AuthManager.swift in Sources */ = {isa = PBXBuildFile; fileRef = A7FC0AE9254C5C0A0018DDFE /* AuthManager.swift */; };
		A7FC0AEC254C5C0A0018DDFE /* AuthManager.swift in Sources */ = {isa = PBXBuildFile; fileRef = A7FC0AE9254C5C0A0018DDFE /* AuthManager.swift */; };
		A7FC0AF1254C5C6F0018DDFE /* StorageManager.swift in Sources */ = {isa = PBXBuildFile; fileRef = A7FC0AF0254C5C6F0018DDFE /* StorageManager.swift */; };
		A7FC0AF2254C5C6F0018DDFE /* StorageManager.swift in Sources */ = {isa = PBXBuildFile; fileRef = A7FC0AF0254C5C6F0018DDFE /* StorageManager.swift */; };
		A7FC0AF3254C5C6F0018DDFE /* StorageManager.swift in Sources */ = {isa = PBXBuildFile; fileRef = A7FC0AF0254C5C6F0018DDFE /* StorageManager.swift */; };
		D4C6B9B7493F8F38FCBD7D0F /* Pods_Instagram.framework in Frameworks */ = {isa = PBXBuildFile; fileRef = 068E0DD62673AE5F5EDC31EF /* Pods_Instagram.framework */; };
/* End PBXBuildFile section */

/* Begin PBXContainerItemProxy section */
		A77E6B58254A85970081ACBF /* PBXContainerItemProxy */ = {
			isa = PBXContainerItemProxy;
			containerPortal = A77E6B39254A85940081ACBF /* Project object */;
			proxyType = 1;
			remoteGlobalIDString = A77E6B40254A85940081ACBF;
			remoteInfo = Instagram;
		};
		A77E6B63254A85970081ACBF /* PBXContainerItemProxy */ = {
			isa = PBXContainerItemProxy;
			containerPortal = A77E6B39254A85940081ACBF /* Project object */;
			proxyType = 1;
			remoteGlobalIDString = A77E6B40254A85940081ACBF;
			remoteInfo = Instagram;
		};
/* End PBXContainerItemProxy section */

/* Begin PBXFileReference section */
		068E0DD62673AE5F5EDC31EF /* Pods_Instagram.framework */ = {isa = PBXFileReference; explicitFileType = wrapper.framework; includeInIndex = 0; path = Pods_Instagram.framework; sourceTree = BUILT_PRODUCTS_DIR; };
		59A7FE57DAB4B0C6E5CDFCED /* Pods-Instagram.release.xcconfig */ = {isa = PBXFileReference; includeInIndex = 1; lastKnownFileType = text.xcconfig; name = "Pods-Instagram.release.xcconfig"; path = "Target Support Files/Pods-Instagram/Pods-Instagram.release.xcconfig"; sourceTree = "<group>"; };
		A77E6B41254A85940081ACBF /* Instagram.app */ = {isa = PBXFileReference; explicitFileType = wrapper.application; includeInIndex = 0; path = Instagram.app; sourceTree = BUILT_PRODUCTS_DIR; };
		A77E6B44254A85940081ACBF /* AppDelegate.swift */ = {isa = PBXFileReference; lastKnownFileType = sourcecode.swift; path = AppDelegate.swift; sourceTree = "<group>"; };
		A77E6B46254A85940081ACBF /* SceneDelegate.swift */ = {isa = PBXFileReference; lastKnownFileType = sourcecode.swift; path = SceneDelegate.swift; sourceTree = "<group>"; };
		A77E6B48254A85940081ACBF /* HomeViewController.swift */ = {isa = PBXFileReference; lastKnownFileType = sourcecode.swift; path = HomeViewController.swift; sourceTree = "<group>"; };
		A77E6B4B254A85940081ACBF /* Base */ = {isa = PBXFileReference; lastKnownFileType = file.storyboard; name = Base; path = Base.lproj/Main.storyboard; sourceTree = "<group>"; };
		A77E6B4D254A85960081ACBF /* Assets.xcassets */ = {isa = PBXFileReference; lastKnownFileType = folder.assetcatalog; path = Assets.xcassets; sourceTree = "<group>"; };
		A77E6B50254A85960081ACBF /* Base */ = {isa = PBXFileReference; lastKnownFileType = file.storyboard; name = Base; path = Base.lproj/LaunchScreen.storyboard; sourceTree = "<group>"; };
		A77E6B52254A85960081ACBF /* Info.plist */ = {isa = PBXFileReference; lastKnownFileType = text.plist.xml; path = Info.plist; sourceTree = "<group>"; };
		A77E6B57254A85970081ACBF /* InstagramTests.xctest */ = {isa = PBXFileReference; explicitFileType = wrapper.cfbundle; includeInIndex = 0; path = InstagramTests.xctest; sourceTree = BUILT_PRODUCTS_DIR; };
		A77E6B5B254A85970081ACBF /* InstagramTests.swift */ = {isa = PBXFileReference; lastKnownFileType = sourcecode.swift; path = InstagramTests.swift; sourceTree = "<group>"; };
		A77E6B5D254A85970081ACBF /* Info.plist */ = {isa = PBXFileReference; lastKnownFileType = text.plist.xml; path = Info.plist; sourceTree = "<group>"; };
		A77E6B62254A85970081ACBF /* InstagramUITests.xctest */ = {isa = PBXFileReference; explicitFileType = wrapper.cfbundle; includeInIndex = 0; path = InstagramUITests.xctest; sourceTree = BUILT_PRODUCTS_DIR; };
		A77E6B66254A85970081ACBF /* InstagramUITests.swift */ = {isa = PBXFileReference; lastKnownFileType = sourcecode.swift; path = InstagramUITests.swift; sourceTree = "<group>"; };
		A77E6B68254A85970081ACBF /* Info.plist */ = {isa = PBXFileReference; lastKnownFileType = text.plist.xml; path = Info.plist; sourceTree = "<group>"; };
		A77E6B82254AB18F0081ACBF /* ExploreViewController.swift */ = {isa = PBXFileReference; lastKnownFileType = sourcecode.swift; path = ExploreViewController.swift; sourceTree = "<group>"; };
		A77E6B87254AB1B50081ACBF /* CameraViewController.swift */ = {isa = PBXFileReference; lastKnownFileType = sourcecode.swift; path = CameraViewController.swift; sourceTree = "<group>"; };
		A77E6B8C254AB1C40081ACBF /* NotificationViewController.swift */ = {isa = PBXFileReference; lastKnownFileType = sourcecode.swift; path = NotificationViewController.swift; sourceTree = "<group>"; };
		A77E6B91254AB1D30081ACBF /* ProfileViewController.swift */ = {isa = PBXFileReference; lastKnownFileType = sourcecode.swift; path = ProfileViewController.swift; sourceTree = "<group>"; };
		A77E6B9D254AB27A0081ACBF /* LoginViewController.swift */ = {isa = PBXFileReference; lastKnownFileType = sourcecode.swift; path = LoginViewController.swift; sourceTree = "<group>"; };
		A77E6BA6254AB29B0081ACBF /* RegistirationViewController.swift */ = {isa = PBXFileReference; lastKnownFileType = sourcecode.swift; path = RegistirationViewController.swift; sourceTree = "<group>"; };
		A77E6BAB254AB2BF0081ACBF /* PostViewController.swift */ = {isa = PBXFileReference; lastKnownFileType = sourcecode.swift; path = PostViewController.swift; sourceTree = "<group>"; };
		A77E6BB0254AB2DB0081ACBF /* EditProfileViewController.swift */ = {isa = PBXFileReference; lastKnownFileType = sourcecode.swift; path = EditProfileViewController.swift; sourceTree = "<group>"; };
		A77E6BB5254AB2E80081ACBF /* SettingsViewController.swift */ = {isa = PBXFileReference; lastKnownFileType = sourcecode.swift; path = SettingsViewController.swift; sourceTree = "<group>"; };
		A77E6BBA254AB2FA0081ACBF /* ListViewController.swift */ = {isa = PBXFileReference; lastKnownFileType = sourcecode.swift; path = ListViewController.swift; sourceTree = "<group>"; };
		A77E6BBF254AB3080081ACBF /* SearchViewController.swift */ = {isa = PBXFileReference; lastKnownFileType = sourcecode.swift; path = SearchViewController.swift; sourceTree = "<group>"; };
		A77E6BC4254AB3190081ACBF /* SearchResultViewController.swift */ = {isa = PBXFileReference; lastKnownFileType = sourcecode.swift; path = SearchResultViewController.swift; sourceTree = "<group>"; };
		A77E6BC9254AB33A0081ACBF /* PostEditorViewController.swift */ = {isa = PBXFileReference; lastKnownFileType = sourcecode.swift; path = PostEditorViewController.swift; sourceTree = "<group>"; };
		A77E6BCE254AB34B0081ACBF /* PublishPostViewController.swift */ = {isa = PBXFileReference; lastKnownFileType = sourcecode.swift; path = PublishPostViewController.swift; sourceTree = "<group>"; };
		A7FC0AD3254C57830018DDFE /* GoogleService-Info.plist */ = {isa = PBXFileReference; fileEncoding = 4; lastKnownFileType = text.plist.xml; path = "GoogleService-Info.plist"; sourceTree = "<group>"; };
		A7FC0AE2254C5B100018DDFE /* DatabaseManager.swift */ = {isa = PBXFileReference; lastKnownFileType = sourcecode.swift; path = DatabaseManager.swift; sourceTree = "<group>"; };
		A7FC0AE9254C5C0A0018DDFE /* AuthManager.swift */ = {isa = PBXFileReference; lastKnownFileType = sourcecode.swift; path = AuthManager.swift; sourceTree = "<group>"; };
		A7FC0AF0254C5C6F0018DDFE /* StorageManager.swift */ = {isa = PBXFileReference; lastKnownFileType = sourcecode.swift; path = StorageManager.swift; sourceTree = "<group>"; };
		B66DDE6291782E02DCFC4336 /* Pods-Instagram.debug.xcconfig */ = {isa = PBXFileReference; includeInIndex = 1; lastKnownFileType = text.xcconfig; name = "Pods-Instagram.debug.xcconfig"; path = "Target Support Files/Pods-Instagram/Pods-Instagram.debug.xcconfig"; sourceTree = "<group>"; };
/* End PBXFileReference section */

/* Begin PBXFrameworksBuildPhase section */
		A77E6B3E254A85940081ACBF /* Frameworks */ = {
			isa = PBXFrameworksBuildPhase;
			buildActionMask = 2147483647;
			files = (
				D4C6B9B7493F8F38FCBD7D0F /* Pods_Instagram.framework in Frameworks */,
			);
			runOnlyForDeploymentPostprocessing = 0;
		};
		A77E6B54254A85970081ACBF /* Frameworks */ = {
			isa = PBXFrameworksBuildPhase;
			buildActionMask = 2147483647;
			files = (
			);
			runOnlyForDeploymentPostprocessing = 0;
		};
		A77E6B5F254A85970081ACBF /* Frameworks */ = {
			isa = PBXFrameworksBuildPhase;
			buildActionMask = 2147483647;
			files = (
			);
			runOnlyForDeploymentPostprocessing = 0;
		};
/* End PBXFrameworksBuildPhase section */

/* Begin PBXGroup section */
		567A0BF1B9ED3D07741930C4 /* Pods */ = {
			isa = PBXGroup;
			children = (
				B66DDE6291782E02DCFC4336 /* Pods-Instagram.debug.xcconfig */,
				59A7FE57DAB4B0C6E5CDFCED /* Pods-Instagram.release.xcconfig */,
			);
			path = Pods;
			sourceTree = "<group>";
		};
		72D8BD5223F386353046F250 /* Frameworks */ = {
			isa = PBXGroup;
			children = (
				068E0DD62673AE5F5EDC31EF /* Pods_Instagram.framework */,
			);
			name = Frameworks;
			sourceTree = "<group>";
		};
		A77E6B38254A85940081ACBF = {
			isa = PBXGroup;
			children = (
				A77E6B43254A85940081ACBF /* Instagram */,
				A77E6B5A254A85970081ACBF /* InstagramTests */,
				A77E6B65254A85970081ACBF /* InstagramUITests */,
				A77E6B42254A85940081ACBF /* Products */,
				567A0BF1B9ED3D07741930C4 /* Pods */,
				72D8BD5223F386353046F250 /* Frameworks */,
			);
			sourceTree = "<group>";
		};
		A77E6B42254A85940081ACBF /* Products */ = {
			isa = PBXGroup;
			children = (
				A77E6B41254A85940081ACBF /* Instagram.app */,
				A77E6B57254A85970081ACBF /* InstagramTests.xctest */,
				A77E6B62254A85970081ACBF /* InstagramUITests.xctest */,
			);
			name = Products;
			sourceTree = "<group>";
		};
		A77E6B43254A85940081ACBF /* Instagram */ = {
			isa = PBXGroup;
			children = (
				A77E6B7E254A87080081ACBF /* Views */,
				A77E6B7A254A869D0081ACBF /* Resources */,
				A77E6B79254A86910081ACBF /* Models */,
				A77E6B77254A86720081ACBF /* Controllers */,
				A77E6B52254A85960081ACBF /* Info.plist */,
			);
			path = Instagram;
			sourceTree = "<group>";
		};
		A77E6B5A254A85970081ACBF /* InstagramTests */ = {
			isa = PBXGroup;
			children = (
				A77E6B5B254A85970081ACBF /* InstagramTests.swift */,
				A77E6B5D254A85970081ACBF /* Info.plist */,
			);
			path = InstagramTests;
			sourceTree = "<group>";
		};
		A77E6B65254A85970081ACBF /* InstagramUITests */ = {
			isa = PBXGroup;
			children = (
				A77E6B66254A85970081ACBF /* InstagramUITests.swift */,
				A77E6B68254A85970081ACBF /* Info.plist */,
			);
			path = InstagramUITests;
			sourceTree = "<group>";
		};
		A77E6B77254A86720081ACBF /* Controllers */ = {
			isa = PBXGroup;
			children = (
				A77E6B9B254AB2420081ACBF /* Other */,
				A77E6B97254AB2020081ACBF /* Core Tabs */,
			);
			path = Controllers;
			sourceTree = "<group>";
		};
		A77E6B78254A86890081ACBF /* Storyboards */ = {
			isa = PBXGroup;
			children = (
				A77E6B4A254A85940081ACBF /* Main.storyboard */,
				A77E6B4F254A85960081ACBF /* LaunchScreen.storyboard */,
			);
			path = Storyboards;
			sourceTree = "<group>";
		};
		A77E6B79254A86910081ACBF /* Models */ = {
			isa = PBXGroup;
			children = (
			);
			path = Models;
			sourceTree = "<group>";
		};
		A77E6B7A254A869D0081ACBF /* Resources */ = {
			isa = PBXGroup;
			children = (
				A7FC0AD3254C57830018DDFE /* GoogleService-Info.plist */,
				A77E6B44254A85940081ACBF /* AppDelegate.swift */,
				A77E6B46254A85940081ACBF /* SceneDelegate.swift */,
				A7FC0AE2254C5B100018DDFE /* DatabaseManager.swift */,
				A7FC0AE9254C5C0A0018DDFE /* AuthManager.swift */,
				A7FC0AF0254C5C6F0018DDFE /* StorageManager.swift */,
			);
			path = Resources;
			sourceTree = "<group>";
		};
		A77E6B7E254A87080081ACBF /* Views */ = {
			isa = PBXGroup;
			children = (
				A77E6B78254A86890081ACBF /* Storyboards */,
				A77E6B4D254A85960081ACBF /* Assets.xcassets */,
			);
			path = Views;
			sourceTree = "<group>";
		};
		A77E6B97254AB2020081ACBF /* Core Tabs */ = {
			isa = PBXGroup;
			children = (
				A77E6B48254A85940081ACBF /* HomeViewController.swift */,
				A77E6B82254AB18F0081ACBF /* ExploreViewController.swift */,
				A77E6B87254AB1B50081ACBF /* CameraViewController.swift */,
				A77E6B8C254AB1C40081ACBF /* NotificationViewController.swift */,
				A77E6B91254AB1D30081ACBF /* ProfileViewController.swift */,
			);
			path = "Core Tabs";
			sourceTree = "<group>";
		};
		A77E6B9B254AB2420081ACBF /* Other */ = {
			isa = PBXGroup;
			children = (
				A77E6B9C254AB2580081ACBF /* Onboarding */,
				A7FC0ADE254C5A6A0018DDFE /* General */,
			);
			path = Other;
			sourceTree = "<group>";
		};
		A77E6B9C254AB2580081ACBF /* Onboarding */ = {
			isa = PBXGroup;
			children = (
				A77E6B9D254AB27A0081ACBF /* LoginViewController.swift */,
				A77E6BA6254AB29B0081ACBF /* RegistirationViewController.swift */,
			);
			path = Onboarding;
			sourceTree = "<group>";
		};
		A7FC0ADE254C5A6A0018DDFE /* General */ = {
			isa = PBXGroup;
			children = (
				A77E6BAB254AB2BF0081ACBF /* PostViewController.swift */,
				A77E6BB0254AB2DB0081ACBF /* EditProfileViewController.swift */,
				A77E6BB5254AB2E80081ACBF /* SettingsViewController.swift */,
				A77E6BBA254AB2FA0081ACBF /* ListViewController.swift */,
				A77E6BBF254AB3080081ACBF /* SearchViewController.swift */,
				A77E6BC4254AB3190081ACBF /* SearchResultViewController.swift */,
				A77E6BC9254AB33A0081ACBF /* PostEditorViewController.swift */,
				A77E6BCE254AB34B0081ACBF /* PublishPostViewController.swift */,
			);
			path = General;
			sourceTree = "<group>";
		};
/* End PBXGroup section */

/* Begin PBXNativeTarget section */
		A77E6B40254A85940081ACBF /* Instagram */ = {
			isa = PBXNativeTarget;
			buildConfigurationList = A77E6B6B254A85970081ACBF /* Build configuration list for PBXNativeTarget "Instagram" */;
			buildPhases = (
				081D4EAF058FB0945A3FCF70 /* [CP] Check Pods Manifest.lock */,
				A77E6B3D254A85940081ACBF /* Sources */,
				A77E6B3E254A85940081ACBF /* Frameworks */,
				A77E6B3F254A85940081ACBF /* Resources */,
				E580E7D221F73B06D6B43418 /* [CP] Embed Pods Frameworks */,
			);
			buildRules = (
			);
			dependencies = (
			);
			name = Instagram;
			productName = Instagram;
			productReference = A77E6B41254A85940081ACBF /* Instagram.app */;
			productType = "com.apple.product-type.application";
		};
		A77E6B56254A85970081ACBF /* InstagramTests */ = {
			isa = PBXNativeTarget;
			buildConfigurationList = A77E6B6E254A85970081ACBF /* Build configuration list for PBXNativeTarget "InstagramTests" */;
			buildPhases = (
				A77E6B53254A85970081ACBF /* Sources */,
				A77E6B54254A85970081ACBF /* Frameworks */,
				A77E6B55254A85970081ACBF /* Resources */,
			);
			buildRules = (
			);
			dependencies = (
				A77E6B59254A85970081ACBF /* PBXTargetDependency */,
			);
			name = InstagramTests;
			productName = InstagramTests;
			productReference = A77E6B57254A85970081ACBF /* InstagramTests.xctest */;
			productType = "com.apple.product-type.bundle.unit-test";
		};
		A77E6B61254A85970081ACBF /* InstagramUITests */ = {
			isa = PBXNativeTarget;
			buildConfigurationList = A77E6B71254A85970081ACBF /* Build configuration list for PBXNativeTarget "InstagramUITests" */;
			buildPhases = (
				A77E6B5E254A85970081ACBF /* Sources */,
				A77E6B5F254A85970081ACBF /* Frameworks */,
				A77E6B60254A85970081ACBF /* Resources */,
			);
			buildRules = (
			);
			dependencies = (
				A77E6B64254A85970081ACBF /* PBXTargetDependency */,
			);
			name = InstagramUITests;
			productName = InstagramUITests;
			productReference = A77E6B62254A85970081ACBF /* InstagramUITests.xctest */;
			productType = "com.apple.product-type.bundle.ui-testing";
		};
/* End PBXNativeTarget section */

/* Begin PBXProject section */
		A77E6B39254A85940081ACBF /* Project object */ = {
			isa = PBXProject;
			attributes = {
				LastSwiftUpdateCheck = 1200;
				LastUpgradeCheck = 1200;
				TargetAttributes = {
					A77E6B40254A85940081ACBF = {
						CreatedOnToolsVersion = 12.0.1;
					};
					A77E6B56254A85970081ACBF = {
						CreatedOnToolsVersion = 12.0.1;
						TestTargetID = A77E6B40254A85940081ACBF;
					};
					A77E6B61254A85970081ACBF = {
						CreatedOnToolsVersion = 12.0.1;
						TestTargetID = A77E6B40254A85940081ACBF;
					};
				};
			};
			buildConfigurationList = A77E6B3C254A85940081ACBF /* Build configuration list for PBXProject "Instagram" */;
			compatibilityVersion = "Xcode 9.3";
			developmentRegion = en;
			hasScannedForEncodings = 0;
			knownRegions = (
				en,
				Base,
			);
			mainGroup = A77E6B38254A85940081ACBF;
			productRefGroup = A77E6B42254A85940081ACBF /* Products */;
			projectDirPath = "";
			projectRoot = "";
			targets = (
				A77E6B40254A85940081ACBF /* Instagram */,
				A77E6B56254A85970081ACBF /* InstagramTests */,
				A77E6B61254A85970081ACBF /* InstagramUITests */,
			);
		};
/* End PBXProject section */

/* Begin PBXResourcesBuildPhase section */
		A77E6B3F254A85940081ACBF /* Resources */ = {
			isa = PBXResourcesBuildPhase;
			buildActionMask = 2147483647;
			files = (
				A77E6B51254A85960081ACBF /* LaunchScreen.storyboard in Resources */,
				A7FC0AD4254C57830018DDFE /* GoogleService-Info.plist in Resources */,
				A77E6B4E254A85960081ACBF /* Assets.xcassets in Resources */,
				A77E6B4C254A85940081ACBF /* Main.storyboard in Resources */,
			);
			runOnlyForDeploymentPostprocessing = 0;
		};
		A77E6B55254A85970081ACBF /* Resources */ = {
			isa = PBXResourcesBuildPhase;
			buildActionMask = 2147483647;
			files = (
				A7FC0AD5254C57830018DDFE /* GoogleService-Info.plist in Resources */,
			);
			runOnlyForDeploymentPostprocessing = 0;
		};
		A77E6B60254A85970081ACBF /* Resources */ = {
			isa = PBXResourcesBuildPhase;
			buildActionMask = 2147483647;
			files = (
				A7FC0AD6254C57830018DDFE /* GoogleService-Info.plist in Resources */,
			);
			runOnlyForDeploymentPostprocessing = 0;
		};
/* End PBXResourcesBuildPhase section */

/* Begin PBXShellScriptBuildPhase section */
		081D4EAF058FB0945A3FCF70 /* [CP] Check Pods Manifest.lock */ = {
			isa = PBXShellScriptBuildPhase;
			buildActionMask = 2147483647;
			files = (
			);
			inputFileListPaths = (
			);
			inputPaths = (
				"${PODS_PODFILE_DIR_PATH}/Podfile.lock",
				"${PODS_ROOT}/Manifest.lock",
			);
			name = "[CP] Check Pods Manifest.lock";
			outputFileListPaths = (
			);
			outputPaths = (
				"$(DERIVED_FILE_DIR)/Pods-Instagram-checkManifestLockResult.txt",
			);
			runOnlyForDeploymentPostprocessing = 0;
			shellPath = /bin/sh;
			shellScript = "diff \"${PODS_PODFILE_DIR_PATH}/Podfile.lock\" \"${PODS_ROOT}/Manifest.lock\" > /dev/null\nif [ $? != 0 ] ; then\n    # print error to STDERR\n    echo \"error: The sandbox is not in sync with the Podfile.lock. Run 'pod install' or update your CocoaPods installation.\" >&2\n    exit 1\nfi\n# This output is used by Xcode 'outputs' to avoid re-running this script phase.\necho \"SUCCESS\" > \"${SCRIPT_OUTPUT_FILE_0}\"\n";
			showEnvVarsInLog = 0;
		};
		E580E7D221F73B06D6B43418 /* [CP] Embed Pods Frameworks */ = {
			isa = PBXShellScriptBuildPhase;
			buildActionMask = 2147483647;
			files = (
			);
			inputFileListPaths = (
				"${PODS_ROOT}/Target Support Files/Pods-Instagram/Pods-Instagram-frameworks-${CONFIGURATION}-input-files.xcfilelist",
			);
			name = "[CP] Embed Pods Frameworks";
			outputFileListPaths = (
				"${PODS_ROOT}/Target Support Files/Pods-Instagram/Pods-Instagram-frameworks-${CONFIGURATION}-output-files.xcfilelist",
			);
			runOnlyForDeploymentPostprocessing = 0;
			shellPath = /bin/sh;
			shellScript = "\"${PODS_ROOT}/Target Support Files/Pods-Instagram/Pods-Instagram-frameworks.sh\"\n";
			showEnvVarsInLog = 0;
		};
/* End PBXShellScriptBuildPhase section */

/* Begin PBXSourcesBuildPhase section */
		A77E6B3D254A85940081ACBF /* Sources */ = {
			isa = PBXSourcesBuildPhase;
			buildActionMask = 2147483647;
			files = (
				A77E6BB1254AB2DB0081ACBF /* EditProfileViewController.swift in Sources */,
				A77E6B83254AB18F0081ACBF /* ExploreViewController.swift in Sources */,
				A77E6BCF254AB34B0081ACBF /* PublishPostViewController.swift in Sources */,
				A77E6B88254AB1B50081ACBF /* CameraViewController.swift in Sources */,
				A77E6BA7254AB29B0081ACBF /* RegistirationViewController.swift in Sources */,
				A77E6B8D254AB1C40081ACBF /* NotificationViewController.swift in Sources */,
				A77E6BCA254AB33A0081ACBF /* PostEditorViewController.swift in Sources */,
				A7FC0AF1254C5C6F0018DDFE /* StorageManager.swift in Sources */,
				A77E6BAC254AB2BF0081ACBF /* PostViewController.swift in Sources */,
				A7FC0AE3254C5B100018DDFE /* DatabaseManager.swift in Sources */,
				A77E6B49254A85940081ACBF /* HomeViewController.swift in Sources */,
				A77E6BC5254AB3190081ACBF /* SearchResultViewController.swift in Sources */,
				A77E6B9E254AB27B0081ACBF /* LoginViewController.swift in Sources */,
				A77E6BC0254AB3080081ACBF /* SearchViewController.swift in Sources */,
				A77E6B92254AB1D30081ACBF /* ProfileViewController.swift in Sources */,
				A7FC0AEA254C5C0A0018DDFE /* AuthManager.swift in Sources */,
				A77E6B45254A85940081ACBF /* AppDelegate.swift in Sources */,
				A77E6B47254A85940081ACBF /* SceneDelegate.swift in Sources */,
				A77E6BBB254AB2FA0081ACBF /* ListViewController.swift in Sources */,
				A77E6BB6254AB2E80081ACBF /* SettingsViewController.swift in Sources */,
			);
			runOnlyForDeploymentPostprocessing = 0;
		};
		A77E6B53254A85970081ACBF /* Sources */ = {
			isa = PBXSourcesBuildPhase;
			buildActionMask = 2147483647;
			files = (
				A7FC0AE4254C5B100018DDFE /* DatabaseManager.swift in Sources */,
				A7FC0AEB254C5C0A0018DDFE /* AuthManager.swift in Sources */,
				A77E6B5C254A85970081ACBF /* InstagramTests.swift in Sources */,
				A7FC0AF2254C5C6F0018DDFE /* StorageManager.swift in Sources */,
			);
			runOnlyForDeploymentPostprocessing = 0;
		};
		A77E6B5E254A85970081ACBF /* Sources */ = {
			isa = PBXSourcesBuildPhase;
			buildActionMask = 2147483647;
			files = (
				A7FC0AE5254C5B100018DDFE /* DatabaseManager.swift in Sources */,
				A7FC0AEC254C5C0A0018DDFE /* AuthManager.swift in Sources */,
				A77E6B67254A85970081ACBF /* InstagramUITests.swift in Sources */,
				A7FC0AF3254C5C6F0018DDFE /* StorageManager.swift in Sources */,
			);
			runOnlyForDeploymentPostprocessing = 0;
		};
/* End PBXSourcesBuildPhase section */

/* Begin PBXTargetDependency section */
		A77E6B59254A85970081ACBF /* PBXTargetDependency */ = {
			isa = PBXTargetDependency;
			target = A77E6B40254A85940081ACBF /* Instagram */;
			targetProxy = A77E6B58254A85970081ACBF /* PBXContainerItemProxy */;
		};
		A77E6B64254A85970081ACBF /* PBXTargetDependency */ = {
			isa = PBXTargetDependency;
			target = A77E6B40254A85940081ACBF /* Instagram */;
			targetProxy = A77E6B63254A85970081ACBF /* PBXContainerItemProxy */;
		};
/* End PBXTargetDependency section */

/* Begin PBXVariantGroup section */
		A77E6B4A254A85940081ACBF /* Main.storyboard */ = {
			isa = PBXVariantGroup;
			children = (
				A77E6B4B254A85940081ACBF /* Base */,
			);
			name = Main.storyboard;
			sourceTree = "<group>";
		};
		A77E6B4F254A85960081ACBF /* LaunchScreen.storyboard */ = {
			isa = PBXVariantGroup;
			children = (
				A77E6B50254A85960081ACBF /* Base */,
			);
			name = LaunchScreen.storyboard;
			sourceTree = "<group>";
		};
/* End PBXVariantGroup section */

/* Begin XCBuildConfiguration section */
		A77E6B69254A85970081ACBF /* Debug */ = {
			isa = XCBuildConfiguration;
			buildSettings = {
				ALWAYS_SEARCH_USER_PATHS = NO;
				CLANG_ANALYZER_NONNULL = YES;
				CLANG_ANALYZER_NUMBER_OBJECT_CONVERSION = YES_AGGRESSIVE;
				CLANG_CXX_LANGUAGE_STANDARD = "gnu++14";
				CLANG_CXX_LIBRARY = "libc++";
				CLANG_ENABLE_MODULES = YES;
				CLANG_ENABLE_OBJC_ARC = YES;
				CLANG_ENABLE_OBJC_WEAK = YES;
				CLANG_WARN_BLOCK_CAPTURE_AUTORELEASING = YES;
				CLANG_WARN_BOOL_CONVERSION = YES;
				CLANG_WARN_COMMA = YES;
				CLANG_WARN_CONSTANT_CONVERSION = YES;
				CLANG_WARN_DEPRECATED_OBJC_IMPLEMENTATIONS = YES;
				CLANG_WARN_DIRECT_OBJC_ISA_USAGE = YES_ERROR;
				CLANG_WARN_DOCUMENTATION_COMMENTS = YES;
				CLANG_WARN_EMPTY_BODY = YES;
				CLANG_WARN_ENUM_CONVERSION = YES;
				CLANG_WARN_INFINITE_RECURSION = YES;
				CLANG_WARN_INT_CONVERSION = YES;
				CLANG_WARN_NON_LITERAL_NULL_CONVERSION = YES;
				CLANG_WARN_OBJC_IMPLICIT_RETAIN_SELF = YES;
				CLANG_WARN_OBJC_LITERAL_CONVERSION = YES;
				CLANG_WARN_OBJC_ROOT_CLASS = YES_ERROR;
				CLANG_WARN_QUOTED_INCLUDE_IN_FRAMEWORK_HEADER = YES;
				CLANG_WARN_RANGE_LOOP_ANALYSIS = YES;
				CLANG_WARN_STRICT_PROTOTYPES = YES;
				CLANG_WARN_SUSPICIOUS_MOVE = YES;
				CLANG_WARN_UNGUARDED_AVAILABILITY = YES_AGGRESSIVE;
				CLANG_WARN_UNREACHABLE_CODE = YES;
				CLANG_WARN__DUPLICATE_METHOD_MATCH = YES;
				COPY_PHASE_STRIP = NO;
				DEBUG_INFORMATION_FORMAT = dwarf;
				ENABLE_STRICT_OBJC_MSGSEND = YES;
				ENABLE_TESTABILITY = YES;
				GCC_C_LANGUAGE_STANDARD = gnu11;
				GCC_DYNAMIC_NO_PIC = NO;
				GCC_NO_COMMON_BLOCKS = YES;
				GCC_OPTIMIZATION_LEVEL = 0;
				GCC_PREPROCESSOR_DEFINITIONS = (
					"DEBUG=1",
					"$(inherited)",
				);
				GCC_WARN_64_TO_32_BIT_CONVERSION = YES;
				GCC_WARN_ABOUT_RETURN_TYPE = YES_ERROR;
				GCC_WARN_UNDECLARED_SELECTOR = YES;
				GCC_WARN_UNINITIALIZED_AUTOS = YES_AGGRESSIVE;
				GCC_WARN_UNUSED_FUNCTION = YES;
				GCC_WARN_UNUSED_VARIABLE = YES;
				IPHONEOS_DEPLOYMENT_TARGET = 14.0;
				MTL_ENABLE_DEBUG_INFO = INCLUDE_SOURCE;
				MTL_FAST_MATH = YES;
				ONLY_ACTIVE_ARCH = YES;
				SDKROOT = iphoneos;
				SWIFT_ACTIVE_COMPILATION_CONDITIONS = DEBUG;
				SWIFT_OPTIMIZATION_LEVEL = "-Onone";
			};
			name = Debug;
		};
		A77E6B6A254A85970081ACBF /* Release */ = {
			isa = XCBuildConfiguration;
			buildSettings = {
				ALWAYS_SEARCH_USER_PATHS = NO;
				CLANG_ANALYZER_NONNULL = YES;
				CLANG_ANALYZER_NUMBER_OBJECT_CONVERSION = YES_AGGRESSIVE;
				CLANG_CXX_LANGUAGE_STANDARD = "gnu++14";
				CLANG_CXX_LIBRARY = "libc++";
				CLANG_ENABLE_MODULES = YES;
				CLANG_ENABLE_OBJC_ARC = YES;
				CLANG_ENABLE_OBJC_WEAK = YES;
				CLANG_WARN_BLOCK_CAPTURE_AUTORELEASING = YES;
				CLANG_WARN_BOOL_CONVERSION = YES;
				CLANG_WARN_COMMA = YES;
				CLANG_WARN_CONSTANT_CONVERSION = YES;
				CLANG_WARN_DEPRECATED_OBJC_IMPLEMENTATIONS = YES;
				CLANG_WARN_DIRECT_OBJC_ISA_USAGE = YES_ERROR;
				CLANG_WARN_DOCUMENTATION_COMMENTS = YES;
				CLANG_WARN_EMPTY_BODY = YES;
				CLANG_WARN_ENUM_CONVERSION = YES;
				CLANG_WARN_INFINITE_RECURSION = YES;
				CLANG_WARN_INT_CONVERSION = YES;
				CLANG_WARN_NON_LITERAL_NULL_CONVERSION = YES;
				CLANG_WARN_OBJC_IMPLICIT_RETAIN_SELF = YES;
				CLANG_WARN_OBJC_LITERAL_CONVERSION = YES;
				CLANG_WARN_OBJC_ROOT_CLASS = YES_ERROR;
				CLANG_WARN_QUOTED_INCLUDE_IN_FRAMEWORK_HEADER = YES;
				CLANG_WARN_RANGE_LOOP_ANALYSIS = YES;
				CLANG_WARN_STRICT_PROTOTYPES = YES;
				CLANG_WARN_SUSPICIOUS_MOVE = YES;
				CLANG_WARN_UNGUARDED_AVAILABILITY = YES_AGGRESSIVE;
				CLANG_WARN_UNREACHABLE_CODE = YES;
				CLANG_WARN__DUPLICATE_METHOD_MATCH = YES;
				COPY_PHASE_STRIP = NO;
				DEBUG_INFORMATION_FORMAT = "dwarf-with-dsym";
				ENABLE_NS_ASSERTIONS = NO;
				ENABLE_STRICT_OBJC_MSGSEND = YES;
				GCC_C_LANGUAGE_STANDARD = gnu11;
				GCC_NO_COMMON_BLOCKS = YES;
				GCC_WARN_64_TO_32_BIT_CONVERSION = YES;
				GCC_WARN_ABOUT_RETURN_TYPE = YES_ERROR;
				GCC_WARN_UNDECLARED_SELECTOR = YES;
				GCC_WARN_UNINITIALIZED_AUTOS = YES_AGGRESSIVE;
				GCC_WARN_UNUSED_FUNCTION = YES;
				GCC_WARN_UNUSED_VARIABLE = YES;
				IPHONEOS_DEPLOYMENT_TARGET = 14.0;
				MTL_ENABLE_DEBUG_INFO = NO;
				MTL_FAST_MATH = YES;
				SDKROOT = iphoneos;
				SWIFT_COMPILATION_MODE = wholemodule;
				SWIFT_OPTIMIZATION_LEVEL = "-O";
				VALIDATE_PRODUCT = YES;
			};
			name = Release;
		};
		A77E6B6C254A85970081ACBF /* Debug */ = {
			isa = XCBuildConfiguration;
			baseConfigurationReference = B66DDE6291782E02DCFC4336 /* Pods-Instagram.debug.xcconfig */;
			buildSettings = {
				ASSETCATALOG_COMPILER_APPICON_NAME = AppIcon;
				ASSETCATALOG_COMPILER_GLOBAL_ACCENT_COLOR_NAME = AccentColor;
				CODE_SIGN_STYLE = Automatic;
				DEVELOPMENT_TEAM = 4T63Z938N8;
				INFOPLIST_FILE = Instagram/Info.plist;
				LD_RUNPATH_SEARCH_PATHS = (
					"$(inherited)",
					"@executable_path/Frameworks",
				);
				PRODUCT_BUNDLE_IDENTIFIER = com.dilancelebi.Instagram;
				PRODUCT_NAME = "$(TARGET_NAME)";
				SWIFT_VERSION = 5.0;
				TARGETED_DEVICE_FAMILY = "1,2";
			};
			name = Debug;
		};
		A77E6B6D254A85970081ACBF /* Release */ = {
			isa = XCBuildConfiguration;
			baseConfigurationReference = 59A7FE57DAB4B0C6E5CDFCED /* Pods-Instagram.release.xcconfig */;
			buildSettings = {
				ASSETCATALOG_COMPILER_APPICON_NAME = AppIcon;
				ASSETCATALOG_COMPILER_GLOBAL_ACCENT_COLOR_NAME = AccentColor;
				CODE_SIGN_STYLE = Automatic;
				DEVELOPMENT_TEAM = 4T63Z938N8;
				INFOPLIST_FILE = Instagram/Info.plist;
				LD_RUNPATH_SEARCH_PATHS = (
					"$(inherited)",
					"@executable_path/Frameworks",
				);
				PRODUCT_BUNDLE_IDENTIFIER = com.dilancelebi.Instagram;
				PRODUCT_NAME = "$(TARGET_NAME)";
				SWIFT_VERSION = 5.0;
				TARGETED_DEVICE_FAMILY = "1,2";
			};
			name = Release;
		};
		A77E6B6F254A85970081ACBF /* Debug */ = {
			isa = XCBuildConfiguration;
			buildSettings = {
				ALWAYS_EMBED_SWIFT_STANDARD_LIBRARIES = YES;
				BUNDLE_LOADER = "$(TEST_HOST)";
				CODE_SIGN_STYLE = Automatic;
				DEVELOPMENT_TEAM = 4T63Z938N8;
				INFOPLIST_FILE = InstagramTests/Info.plist;
				IPHONEOS_DEPLOYMENT_TARGET = 14.0;
				LD_RUNPATH_SEARCH_PATHS = (
					"$(inherited)",
					"@executable_path/Frameworks",
					"@loader_path/Frameworks",
				);
				PRODUCT_BUNDLE_IDENTIFIER = com.dilancelebi.InstagramTests;
				PRODUCT_NAME = "$(TARGET_NAME)";
				SWIFT_VERSION = 5.0;
				TARGETED_DEVICE_FAMILY = "1,2";
				TEST_HOST = "$(BUILT_PRODUCTS_DIR)/Instagram.app/Instagram";
			};
			name = Debug;
		};
		A77E6B70254A85970081ACBF /* Release */ = {
			isa = XCBuildConfiguration;
			buildSettings = {
				ALWAYS_EMBED_SWIFT_STANDARD_LIBRARIES = YES;
				BUNDLE_LOADER = "$(TEST_HOST)";
				CODE_SIGN_STYLE = Automatic;
				DEVELOPMENT_TEAM = 4T63Z938N8;
				INFOPLIST_FILE = InstagramTests/Info.plist;
				IPHONEOS_DEPLOYMENT_TARGET = 14.0;
				LD_RUNPATH_SEARCH_PATHS = (
					"$(inherited)",
					"@executable_path/Frameworks",
					"@loader_path/Frameworks",
				);
				PRODUCT_BUNDLE_IDENTIFIER = com.dilancelebi.InstagramTests;
				PRODUCT_NAME = "$(TARGET_NAME)";
				SWIFT_VERSION = 5.0;
				TARGETED_DEVICE_FAMILY = "1,2";
				TEST_HOST = "$(BUILT_PRODUCTS_DIR)/Instagram.app/Instagram";
			};
			name = Release;
		};
		A77E6B72254A85970081ACBF /* Debug */ = {
			isa = XCBuildConfiguration;
			buildSettings = {
				ALWAYS_EMBED_SWIFT_STANDARD_LIBRARIES = YES;
				CODE_SIGN_STYLE = Automatic;
				DEVELOPMENT_TEAM = 4T63Z938N8;
				INFOPLIST_FILE = InstagramUITests/Info.plist;
				LD_RUNPATH_SEARCH_PATHS = (
					"$(inherited)",
					"@executable_path/Frameworks",
					"@loader_path/Frameworks",
				);
				PRODUCT_BUNDLE_IDENTIFIER = com.dilancelebi.InstagramUITests;
				PRODUCT_NAME = "$(TARGET_NAME)";
				SWIFT_VERSION = 5.0;
				TARGETED_DEVICE_FAMILY = "1,2";
				TEST_TARGET_NAME = Instagram;
			};
			name = Debug;
		};
		A77E6B73254A85970081ACBF /* Release */ = {
			isa = XCBuildConfiguration;
			buildSettings = {
				ALWAYS_EMBED_SWIFT_STANDARD_LIBRARIES = YES;
				CODE_SIGN_STYLE = Automatic;
				DEVELOPMENT_TEAM = 4T63Z938N8;
				INFOPLIST_FILE = InstagramUITests/Info.plist;
				LD_RUNPATH_SEARCH_PATHS = (
					"$(inherited)",
					"@executable_path/Frameworks",
					"@loader_path/Frameworks",
				);
				PRODUCT_BUNDLE_IDENTIFIER = com.dilancelebi.InstagramUITests;
				PRODUCT_NAME = "$(TARGET_NAME)";
				SWIFT_VERSION = 5.0;
				TARGETED_DEVICE_FAMILY = "1,2";
				TEST_TARGET_NAME = Instagram;
			};
			name = Release;
		};
/* End XCBuildConfiguration section */

/* Begin XCConfigurationList section */
		A77E6B3C254A85940081ACBF /* Build configuration list for PBXProject "Instagram" */ = {
			isa = XCConfigurationList;
			buildConfigurations = (
				A77E6B69254A85970081ACBF /* Debug */,
				A77E6B6A254A85970081ACBF /* Release */,
			);
			defaultConfigurationIsVisible = 0;
			defaultConfigurationName = Release;
		};
		A77E6B6B254A85970081ACBF /* Build configuration list for PBXNativeTarget "Instagram" */ = {
			isa = XCConfigurationList;
			buildConfigurations = (
				A77E6B6C254A85970081ACBF /* Debug */,
				A77E6B6D254A85970081ACBF /* Release */,
			);
			defaultConfigurationIsVisible = 0;
			defaultConfigurationName = Release;
		};
		A77E6B6E254A85970081ACBF /* Build configuration list for PBXNativeTarget "InstagramTests" */ = {
			isa = XCConfigurationList;
			buildConfigurations = (
				A77E6B6F254A85970081ACBF /* Debug */,
				A77E6B70254A85970081ACBF /* Release */,
			);
			defaultConfigurationIsVisible = 0;
			defaultConfigurationName = Release;
		};
		A77E6B71254A85970081ACBF /* Build configuration list for PBXNativeTarget "InstagramUITests" */ = {
			isa = XCConfigurationList;
			buildConfigurations = (
				A77E6B72254A85970081ACBF /* Debug */,
				A77E6B73254A85970081ACBF /* Release */,
			);
			defaultConfigurationIsVisible = 0;
			defaultConfigurationName = Release;
		};
/* End XCConfigurationList section */
	};
	rootObject = A77E6B39254A85940081ACBF /* Project object */;
}
